
Microsoft Visual Studio Solution File, Format Version 12.00
# Visual Studio Version 17
VisualStudioVersion = 17.6.33815.320
MinimumVisualStudioVersion = 10.0.40219.1
Project("{9A19103F-16F7-4668-BE54-9A1E7A4F7556}") = "Cadwise", "Cadwise\Cadwise.csproj", "{1CCCC23A-BB81-49EF-906D-880BBE5B74C5}"
EndProject
Project("{FAE04EC0-301F-11D3-BF4B-00C04F79EFBC}") = "TestProject1", "TestProject1\TestProject1.csproj", "{D0C36979-8296-4F43-8853-53B236E2CA63}"
EndProject
Global
	GlobalSection(SolutionConfigurationPlatforms) = preSolution
		Debug|Any CPU = Debug|Any CPU
		Release|Any CPU = Release|Any CPU
	EndGlobalSection
	GlobalSection(ProjectConfigurationPlatforms) = postSolution
		{1CCCC23A-BB81-49EF-906D-880BBE5B74C5}.Debug|Any CPU.ActiveCfg = Debug|Any CPU
		{1CCCC23A-BB81-49EF-906D-880BBE5B74C5}.Debug|Any CPU.Build.0 = Debug|Any CPU
		{1CCCC23A-BB81-49EF-906D-880BBE5B74C5}.Release|Any CPU.ActiveCfg = Release|Any CPU
		{1CCCC23A-BB81-49EF-906D-880BBE5B74C5}.Release|Any CPU.Build.0 = Release|Any CPU
		{D0C36979-8296-4F43-8853-53B236E2CA63}.Debug|Any CPU.ActiveCfg = Debug|Any CPU
		{D0C36979-8296-4F43-8853-53B236E2CA63}.Debug|Any CPU.Build.0 = Debug|Any CPU
		{D0C36979-8296-4F43-8853-53B236E2CA63}.Release|Any CPU.ActiveCfg = Release|Any CPU
		{D0C36979-8296-4F43-8853-53B236E2CA63}.Release|Any CPU.Build.0 = Release|Any CPU
	EndGlobalSection
	GlobalSection(SolutionProperties) = preSolution
		HideSolutionNode = FALSE
	EndGlobalSection
	GlobalSection(ExtensibilityGlobals) = postSolution
		SolutionGuid = {2E96947E-4D7F-4987-B76A-AA8F98D3B8B3}
	EndGlobalSection
EndGlobal
